
Microsoft Visual Studio Solution File, Format Version 12.00
# Visual Studio Version 16
VisualStudioVersion = 16.0.31105.61
MinimumVisualStudioVersion = 10.0.40219.1
Project("{FAE04EC0-301F-11D3-BF4B-00C04F79EFBC}") = "DelegateDemo", "DelegateDemo.csproj", "{DF68C684-873E-48AD-B2A2-B27DEB8F68C5}"
EndProject
Global
	GlobalSection(SolutionConfigurationPlatforms) = preSolution
		Debug|Any CPU = Debug|Any CPU
		Release|Any CPU = Release|Any CPU
	EndGlobalSection
	GlobalSection(ProjectConfigurationPlatforms) = postSolution
		{DF68C684-873E-48AD-B2A2-B27DEB8F68C5}.Debug|Any CPU.ActiveCfg = Debug|Any CPU
		{DF68C684-873E-48AD-B2A2-B27DEB8F68C5}.Debug|Any CPU.Build.0 = Debug|Any CPU
		{DF68C684-873E-48AD-B2A2-B27DEB8F68C5}.Release|Any CPU.ActiveCfg = Release|Any CPU
		{DF68C684-873E-48AD-B2A2-B27DEB8F68C5}.Release|Any CPU.Build.0 = Release|Any CPU
	EndGlobalSection
	GlobalSection(SolutionProperties) = preSolution
		HideSolutionNode = FALSE
	EndGlobalSection
	GlobalSection(ExtensibilityGlobals) = postSolution
		SolutionGuid = {C1F413D4-2C58-4C8A-BEB1-0C49D85C390C}
	EndGlobalSection
EndGlobal
