
Microsoft Visual Studio Solution File, Format Version 12.00
# Visual Studio Version 16
VisualStudioVersion = 16.0.31105.61
MinimumVisualStudioVersion = 10.0.40219.1
Project("{FAE04EC0-301F-11D3-BF4B-00C04F79EFBC}") = "CalculatorLib", "CalculatorLib.csproj", "{09EBB758-166A-405F-9DE1-391D88907699}"
EndProject
Global
	GlobalSection(SolutionConfigurationPlatforms) = preSolution
		Debug|Any CPU = Debug|Any CPU
		Release|Any CPU = Release|Any CPU
	EndGlobalSection
	GlobalSection(ProjectConfigurationPlatforms) = postSolution
		{09EBB758-166A-405F-9DE1-391D88907699}.Debug|Any CPU.ActiveCfg = Debug|Any CPU
		{09EBB758-166A-405F-9DE1-391D88907699}.Debug|Any CPU.Build.0 = Debug|Any CPU
		{09EBB758-166A-405F-9DE1-391D88907699}.Release|Any CPU.ActiveCfg = Release|Any CPU
		{09EBB758-166A-405F-9DE1-391D88907699}.Release|Any CPU.Build.0 = Release|Any CPU
	EndGlobalSection
	GlobalSection(SolutionProperties) = preSolution
		HideSolutionNode = FALSE
	EndGlobalSection
	GlobalSection(ExtensibilityGlobals) = postSolution
		SolutionGuid = {7F330965-B315-4497-A5BB-F84B0390741E}
	EndGlobalSection
EndGlobal
